<?xml version="1.0" encoding="utf-8"?><WorkWithAttributesConfig xmlns:xsi="http://www.w3.org/2001/XMLSchema-instance" xmlns:xsd="http://www.w3.org/2001/XMLSchema"><Pattern /><Type /><ShowAll>false</ShowAll><TypeObject>Transaction</TypeObject><Object>ConsultaPaciente</Object><ShowMore>false</ShowMore><ColumnNameSize>115</ColumnNameSize><ColumnTypeSize>151</ColumnTypeSize><ColumnDescriptionSize>132</ColumnDescriptionSize><FormWidth>454</FormWidth><FormHeigth>587</FormHeigth></WorkWithAttributesConfig>